PODS:
  - DKImagePickerController/Core (4.3.1):
    - DKImagePickerController/ImageDataManager
    - DKImagePickerController/Resource
  - DKImagePickerController/ImageDataManager (4.3.1)
  - DKImagePickerController/PhotoGallery (4.3.1):
    - DKImagePickerController/Core
    - DKPhotoGallery
  - DKImagePickerController/Resource (4.3.1)
  - DKPhotoGallery (0.0.15):
    - DKPhotoGallery/Core (= 0.0.15)
    - DKPhotoGallery/Model (= 0.0.15)
    - DKPhotoGallery/Preview (= 0.0.15)
    - DKPhotoGallery/Resource (= 0.0.15)
    - SDWebImage
    - SDWebImageFLPlugin
  - DKPhotoGallery/Core (0.0.15):
    - DKPhotoGallery/Model
    - DKPhotoGallery/Preview
    - SDWebImage
    - SDWebImageFLPlugin
  - DKPhotoGallery/Model (0.0.15):
    - SDWebImage
    - SDWebImageFLPlugin
  - DKPhotoGallery/Preview (0.0.15):
    - DKPhotoGallery/Model
    - DKPhotoGallery/Resource
    - SDWebImage
    - SDWebImageFLPlugin
  - DKPhotoGallery/Resource (0.0.15):
    - SDWebImage
    - SDWebImageFLPlugin
  - esys_flutter_share (0.0.1):
    - Flutter
  - file_picker (0.0.1):
    - DKImagePickerController/PhotoGallery
    - Flutter
  - FLAnimatedImage (1.0.12)
  - Flutter (1.0.0)
  - flutter_ffmpeg/min-lts (0.2.10):
    - Flutter
    - mobile-ffmpeg-min (= 4.3.1.LTS)
  - flutter_plugin_android_lifecycle (0.0.1):
    - Flutter
  - flutter_sound_lite (0.0.1):
    - Flutter
  - mobile-ffmpeg-min (4.3.1.LTS)
  - path_provider (0.0.1):
    - Flutter
  - path_provider_macos (0.0.1):
    - Flutter
  - SDWebImage (5.8.0):
    - SDWebImage/Core (= 5.8.0)
  - SDWebImage/Core (5.8.0)
  - SDWebImageFLPlugin (0.4.0):
    - FLAnimatedImage (>= 1.0.11)
    - SDWebImage/Core (~> 5.6)

DEPENDENCIES:
  - esys_flutter_share (from `.symlinks/plugins/esys_flutter_share/ios`)
  - file_picker (from `.symlinks/plugins/file_picker/ios`)
  - Flutter (from `Flutter`)
  - flutter_ffmpeg/min-lts (from `.symlinks/plugins/flutter_ffmpeg/ios`)
  - flutter_plugin_android_lifecycle (from `.symlinks/plugins/flutter_plugin_android_lifecycle/ios`)
  - flutter_sound_lite (from `.symlinks/plugins/flutter_sound_lite/ios`)
  - path_provider (from `.symlinks/plugins/path_provider/ios`)
  - path_provider_macos (from `.symlinks/plugins/path_provider_macos/ios`)

SPEC REPOS:
  trunk:
    - DKImagePickerController
    - DKPhotoGallery
    - FLAnimatedImage
    - mobile-ffmpeg-min
    - SDWebImage
    - SDWebImageFLPlugin

EXTERNAL SOURCES:
  esys_flutter_share:
    :path: ".symlinks/plugins/esys_flutter_share/ios"
  file_picker:
    :path: ".symlinks/plugins/file_picker/ios"
  Flutter:
    :path: Flutter
  flutter_ffmpeg:
    :path: ".symlinks/plugins/flutter_ffmpeg/ios"
  flutter_plugin_android_lifecycle:
    :path: ".symlinks/plugins/flutter_plugin_android_lifecycle/ios"
  flutter_sound_lite:
    :path: ".symlinks/plugins/flutter_sound_lite/ios"
  path_provider:
    :path: ".symlinks/plugins/path_provider/ios"
  path_provider_macos:
    :path: ".symlinks/plugins/path_provider_macos/ios"

SPEC CHECKSUMS:
  DKImagePickerController: f3d397887f38b98276a506b02ed9c167425f7cf3
  DKPhotoGallery: e880aef16c108333240e1e7327896f2ea380f4f0
  esys_flutter_share: 403498dab005b36ce1f8d7aff377e81f0621b0b4
  file_picker: 3e6c3790de664ccf9b882732d9db5eaf6b8d4eb1
  FLAnimatedImage: 4a0b56255d9b05f18b6dd7ee06871be5d3b89e31
  Flutter: 0e3d915762c693b495b44d77113d4970485de6ec
  flutter_ffmpeg: cf0a6941ef67e88248c998cc3e34f8acb0b4e454
  flutter_plugin_android_lifecycle: dc0b544e129eebb77a6bfb1239d4d1c673a60a35
  flutter_sound_lite: ecee5ce6a88ed5644973fcd91da583464387ede2
  mobile-ffmpeg-min: d5d22dcef5c8ec56f771258f1f5be245d914f193
  path_provider: abfe2b5c733d04e238b0d8691db0cfd63a27a93c
  path_provider_macos: f760a3c5b04357c380e2fddb6f9db6f3015897e0
  SDWebImage: 84000f962cbfa70c07f19d2234cbfcf5d779b5dc
  SDWebImageFLPlugin: 6c2295fb1242d44467c6c87dc5db6b0a13228fd8

PODFILE CHECKSUM: 0556fd050b2527ddacaea9d75d9cfa94b28e9be6

COCOAPODS: 1.9.3
